
Microsoft Visual Studio Solution File, Format Version 12.00
# Visual Studio 2013
VisualStudioVersion = 12.0.40629.0
MinimumVisualStudioVersion = 10.0.40219.1
Project("{FAE04EC0-301F-11D3-BF4B-00C04F79EFBC}") = "DAL", "DAL\DAL.csproj", "{6A2FFEBD-93DB-4939-8F71-DCB6D81A6C91}"
EndProject
Project("{FAE04EC0-301F-11D3-BF4B-00C04F79EFBC}") = "BLL", "BLL\BLL.csproj", "{F8B4A755-8224-418D-8F85-BF925EA6AE98}"
EndProject
Project("{FAE04EC0-301F-11D3-BF4B-00C04F79EFBC}") = "Model", "Model\Model.csproj", "{F209595A-66E2-4254-9578-E9729F5A0488}"
EndProject
Project("{FAE04EC0-301F-11D3-BF4B-00C04F79EFBC}") = "UI", "UI\UI.csproj", "{8417B415-02F7-4E70-9A18-D1A27ADB8532}"
EndProject
Global
	GlobalSection(SolutionConfigurationPlatforms) = preSolution
		Debug|Any CPU = Debug|Any CPU
		Release|Any CPU = Release|Any CPU
	EndGlobalSection
	GlobalSection(ProjectConfigurationPlatforms) = postSolution
		{6A2FFEBD-93DB-4939-8F71-DCB6D81A6C91}.Debug|Any CPU.ActiveCfg = Debug|Any CPU
		{6A2FFEBD-93DB-4939-8F71-DCB6D81A6C91}.Debug|Any CPU.Build.0 = Debug|Any CPU
		{6A2FFEBD-93DB-4939-8F71-DCB6D81A6C91}.Release|Any CPU.ActiveCfg = Release|Any CPU
		{6A2FFEBD-93DB-4939-8F71-DCB6D81A6C91}.Release|Any CPU.Build.0 = Release|Any CPU
		{F8B4A755-8224-418D-8F85-BF925EA6AE98}.Debug|Any CPU.ActiveCfg = Debug|Any CPU
		{F8B4A755-8224-418D-8F85-BF925EA6AE98}.Debug|Any CPU.Build.0 = Debug|Any CPU
		{F8B4A755-8224-418D-8F85-BF925EA6AE98}.Release|Any CPU.ActiveCfg = Release|Any CPU
		{F8B4A755-8224-418D-8F85-BF925EA6AE98}.Release|Any CPU.Build.0 = Release|Any CPU
		{F209595A-66E2-4254-9578-E9729F5A0488}.Debug|Any CPU.ActiveCfg = Debug|Any CPU
		{F209595A-66E2-4254-9578-E9729F5A0488}.Debug|Any CPU.Build.0 = Debug|Any CPU
		{F209595A-66E2-4254-9578-E9729F5A0488}.Release|Any CPU.ActiveCfg = Release|Any CPU
		{F209595A-66E2-4254-9578-E9729F5A0488}.Release|Any CPU.Build.0 = Release|Any CPU
		{8417B415-02F7-4E70-9A18-D1A27ADB8532}.Debug|Any CPU.ActiveCfg = Debug|Any CPU
		{8417B415-02F7-4E70-9A18-D1A27ADB8532}.Debug|Any CPU.Build.0 = Debug|Any CPU
		{8417B415-02F7-4E70-9A18-D1A27ADB8532}.Release|Any CPU.ActiveCfg = Release|Any CPU
		{8417B415-02F7-4E70-9A18-D1A27ADB8532}.Release|Any CPU.Build.0 = Release|Any CPU
	EndGlobalSection
	GlobalSection(SolutionProperties) = preSolution
		HideSolutionNode = FALSE
	EndGlobalSection
EndGlobal
